// !$*UTF8*$!
{
	archiveVersion = 1;
	classes = {
	};
	objectVersion = 56;
	objects = {

/* Begin PBXBuildFile section */
		45164B662CA44CA900727FE0 /* AppDelegate.swift in Sources */ = {isa = PBXBuildFile; fileRef = 45164B652CA44CA900727FE0 /* AppDelegate.swift */; };
		45164B682CA44CA900727FE0 /* SceneDelegate.swift in Sources */ = {isa = PBXBuildFile; fileRef = 45164B672CA44CA900727FE0 /* SceneDelegate.swift */; };
		45164B6A2CA44CA900727FE0 /* ViewController.swift in Sources */ = {isa = PBXBuildFile; fileRef = 45164B692CA44CA900727FE0 /* ViewController.swift */; };
		45164B6D2CA44CA900727FE0 /* Base in Resources */ = {isa = PBXBuildFile; fileRef = 45164B6C2CA44CA900727FE0 /* Base */; };
		45164B6F2CA44CA900727FE0 /* Assets.xcassets in Resources */ = {isa = PBXBuildFile; fileRef = 45164B6E2CA44CA900727FE0 /* Assets.xcassets */; };
		45164B722CA44CA900727FE0 /* Base in Resources */ = {isa = PBXBuildFile; fileRef = 45164B712CA44CA900727FE0 /* Base */; };
		45164B7D2CA44CAA00727FE0 /* ProfileAppTests.swift in Sources */ = {isa = PBXBuildFile; fileRef = 45164B7C2CA44CAA00727FE0 /* ProfileAppTests.swift */; };
		45164B872CA44CAA00727FE0 /* ProfileAppUITests.swift in Sources */ = {isa = PBXBuildFile; fileRef = 45164B862CA44CAA00727FE0 /* ProfileAppUITests.swift */; };
		45164B892CA44CAA00727FE0 /* ProfileAppUITestsLaunchTests.swift in Sources */ = {isa = PBXBuildFile; fileRef = 45164B882CA44CAA00727FE0 /* ProfileAppUITestsLaunchTests.swift */; };
/* End PBXBuildFile section */

/* Begin PBXContainerItemProxy section */
		45164B792CA44CAA00727FE0 /* PBXContainerItemProxy */ = {
			isa = PBXContainerItemProxy;
			containerPortal = 45164B5A2CA44CA900727FE0 /* Project object */;
			proxyType = 1;
			remoteGlobalIDString = 45164B612CA44CA900727FE0;
			remoteInfo = ProfileApp;
		};
		45164B832CA44CAA00727FE0 /* PBXContainerItemProxy */ = {
			isa = PBXContainerItemProxy;
			containerPortal = 45164B5A2CA44CA900727FE0 /* Project object */;
			proxyType = 1;
			remoteGlobalIDString = 45164B612CA44CA900727FE0;
			remoteInfo = ProfileApp;
		};
/* End PBXContainerItemProxy section */

/* Begin PBXFileReference section */
		45164B622CA44CA900727FE0 /* ProfileApp.app */ = {isa = PBXFileReference; explicitFileType = wrapper.application; includeInIndex = 0; path = ProfileApp.app; sourceTree = BUILT_PRODUCTS_DIR; };
		45164B652CA44CA900727FE0 /* AppDelegate.swift */ = {isa = PBXFileReference; lastKnownFileType = sourcecode.swift; path = AppDelegate.swift; sourceTree = "<group>"; };
		45164B672CA44CA900727FE0 /* SceneDelegate.swift */ = {isa = PBXFileReference; lastKnownFileType = sourcecode.swift; path = SceneDelegate.swift; sourceTree = "<group>"; };
		45164B692CA44CA900727FE0 /* ViewController.swift */ = {isa = PBXFileReference; lastKnownFileType = sourcecode.swift; path = ViewController.swift; sourceTree = "<group>"; };
		45164B6C2CA44CA900727FE0 /* Base */ = {isa = PBXFileReference; lastKnownFileType = file.storyboard; name = Base; path = Base.lproj/Main.storyboard; sourceTree = "<group>"; };
		45164B6E2CA44CA900727FE0 /* Assets.xcassets */ = {isa = PBXFileReference; lastKnownFileType = folder.assetcatalog; path = Assets.xcassets; sourceTree = "<group>"; };
		45164B712CA44CA900727FE0 /* Base */ = {isa = PBXFileReference; lastKnownFileType = file.storyboard; name = Base; path = Base.lproj/LaunchScreen.storyboard; sourceTree = "<group>"; };
		45164B732CA44CA900727FE0 /* Info.plist */ = {isa = PBXFileReference; lastKnownFileType = text.plist.xml; path = Info.plist; sourceTree = "<group>"; };
		45164B782CA44CAA00727FE0 /* ProfileAppTests.xctest */ = {isa = PBXFileReference; explicitFileType = wrapper.cfbundle; includeInIndex = 0; path = ProfileAppTests.xctest; sourceTree = BUILT_PRODUCTS_DIR; };
		45164B7C2CA44CAA00727FE0 /* ProfileAppTests.swift */ = {isa = PBXFileReference; lastKnownFileType = sourcecode.swift; path = ProfileAppTests.swift; sourceTree = "<group>"; };
		45164B822CA44CAA00727FE0 /* ProfileAppUITests.xctest */ = {isa = PBXFileReference; explicitFileType = wrapper.cfbundle; includeInIndex = 0; path = ProfileAppUITests.xctest; sourceTree = BUILT_PRODUCTS_DIR; };
		45164B862CA44CAA00727FE0 /* ProfileAppUITests.swift */ = {isa = PBXFileReference; lastKnownFileType = sourcecode.swift; path = ProfileAppUITests.swift; sourceTree = "<group>"; };
		45164B882CA44CAA00727FE0 /* ProfileAppUITestsLaunchTests.swift */ = {isa = PBXFileReference; lastKnownFileType = sourcecode.swift; path = ProfileAppUITestsLaunchTests.swift; sourceTree = "<group>"; };
/* End PBXFileReference section */

/* Begin PBXFrameworksBuildPhase section */
		45164B5F2CA44CA900727FE0 /* Frameworks */ = {
			isa = PBXFrameworksBuildPhase;
			buildActionMask = 2147483647;
			files = (
			);
			runOnlyForDeploymentPostprocessing = 0;
		};
		45164B752CA44CAA00727FE0 /* Frameworks */ = {
			isa = PBXFrameworksBuildPhase;
			buildActionMask = 2147483647;
			files = (
			);
			runOnlyForDeploymentPostprocessing = 0;
		};
		45164B7F2CA44CAA00727FE0 /* Frameworks */ = {
			isa = PBXFrameworksBuildPhase;
			buildActionMask = 2147483647;
			files = (
			);
			runOnlyForDeploymentPostprocessing = 0;
		};
/* End PBXFrameworksBuildPhase section */

/* Begin PBXGroup section */
		45164B592CA44CA900727FE0 = {
			isa = PBXGroup;
			children = (
				45164B642CA44CA900727FE0 /* ProfileApp */,
				45164B7B2CA44CAA00727FE0 /* ProfileAppTests */,
				45164B852CA44CAA00727FE0 /* ProfileAppUITests */,
				45164B632CA44CA900727FE0 /* Products */,
			);
			sourceTree = "<group>";
		};
		45164B632CA44CA900727FE0 /* Products */ = {
			isa = PBXGroup;
			children = (
				45164B622CA44CA900727FE0 /* ProfileApp.app */,
				45164B782CA44CAA00727FE0 /* ProfileAppTests.xctest */,
				45164B822CA44CAA00727FE0 /* ProfileAppUITests.xctest */,
			);
			name = Products;
			sourceTree = "<group>";
		};
		45164B642CA44CA900727FE0 /* ProfileApp */ = {
			isa = PBXGroup;
			children = (
				45164B652CA44CA900727FE0 /* AppDelegate.swift */,
				45164B672CA44CA900727FE0 /* SceneDelegate.swift */,
				45164B692CA44CA900727FE0 /* ViewController.swift */,
				45164B6B2CA44CA900727FE0 /* Main.storyboard */,
				45164B6E2CA44CA900727FE0 /* Assets.xcassets */,
				45164B702CA44CA900727FE0 /* LaunchScreen.storyboard */,
				45164B732CA44CA900727FE0 /* Info.plist */,
			);
			path = ProfileApp;
			sourceTree = "<group>";
		};
		45164B7B2CA44CAA00727FE0 /* ProfileAppTests */ = {
			isa = PBXGroup;
			children = (
				45164B7C2CA44CAA00727FE0 /* ProfileAppTests.swift */,
			);
			path = ProfileAppTests;
			sourceTree = "<group>";
		};
		45164B852CA44CAA00727FE0 /* ProfileAppUITests */ = {
			isa = PBXGroup;
			children = (
				45164B862CA44CAA00727FE0 /* ProfileAppUITests.swift */,
				45164B882CA44CAA00727FE0 /* ProfileAppUITestsLaunchTests.swift */,
			);
			path = ProfileAppUITests;
			sourceTree = "<group>";
		};
/* End PBXGroup section */

/* Begin PBXNativeTarget section */
		45164B612CA44CA900727FE0 /* ProfileApp */ = {
			isa = PBXNativeTarget;
			buildConfigurationList = 45164B8C2CA44CAA00727FE0 /* Build configuration list for PBXNativeTarget "ProfileApp" */;
			buildPhases = (
				45164B5E2CA44CA900727FE0 /* Sources */,
				45164B5F2CA44CA900727FE0 /* Frameworks */,
				45164B602CA44CA900727FE0 /* Resources */,
			);
			buildRules = (
			);
			dependencies = (
			);
			name = ProfileApp;
			productName = ProfileApp;
			productReference = 45164B622CA44CA900727FE0 /* ProfileApp.app */;
			productType = "com.apple.product-type.application";
		};
		45164B772CA44CAA00727FE0 /* ProfileAppTests */ = {
			isa = PBXNativeTarget;
			buildConfigurationList = 45164B8F2CA44CAA00727FE0 /* Build configuration list for PBXNativeTarget "ProfileAppTests" */;
			buildPhases = (
				45164B742CA44CAA00727FE0 /* Sources */,
				45164B752CA44CAA00727FE0 /* Frameworks */,
				45164B762CA44CAA00727FE0 /* Resources */,
			);
			buildRules = (
			);
			dependencies = (
				45164B7A2CA44CAA00727FE0 /* PBXTargetDependency */,
			);
			name = ProfileAppTests;
			productName = ProfileAppTests;
			productReference = 45164B782CA44CAA00727FE0 /* ProfileAppTests.xctest */;
			productType = "com.apple.product-type.bundle.unit-test";
		};
		45164B812CA44CAA00727FE0 /* ProfileAppUITests */ = {
			isa = PBXNativeTarget;
			buildConfigurationList = 45164B922CA44CAA00727FE0 /* Build configuration list for PBXNativeTarget "ProfileAppUITests" */;
			buildPhases = (
				45164B7E2CA44CAA00727FE0 /* Sources */,
				45164B7F2CA44CAA00727FE0 /* Frameworks */,
				45164B802CA44CAA00727FE0 /* Resources */,
			);
			buildRules = (
			);
			dependencies = (
				45164B842CA44CAA00727FE0 /* PBXTargetDependency */,
			);
			name = ProfileAppUITests;
			productName = ProfileAppUITests;
			productReference = 45164B822CA44CAA00727FE0 /* ProfileAppUITests.xctest */;
			productType = "com.apple.product-type.bundle.ui-testing";
		};
/* End PBXNativeTarget section */

/* Begin PBXProject section */
		45164B5A2CA44CA900727FE0 /* Project object */ = {
			isa = PBXProject;
			attributes = {
				BuildIndependentTargetsInParallel = 1;
				LastSwiftUpdateCheck = 1540;
				LastUpgradeCheck = 1540;
				TargetAttributes = {
					45164B612CA44CA900727FE0 = {
						CreatedOnToolsVersion = 15.4;
					};
					45164B772CA44CAA00727FE0 = {
						CreatedOnToolsVersion = 15.4;
						TestTargetID = 45164B612CA44CA900727FE0;
					};
					45164B812CA44CAA00727FE0 = {
						CreatedOnToolsVersion = 15.4;
						TestTargetID = 45164B612CA44CA900727FE0;
					};
				};
			};
			buildConfigurationList = 45164B5D2CA44CA900727FE0 /* Build configuration list for PBXProject "ProfileApp" */;
			compatibilityVersion = "Xcode 14.0";
			developmentRegion = en;
			hasScannedForEncodings = 0;
			knownRegions = (
				en,
				Base,
			);
			mainGroup = 45164B592CA44CA900727FE0;
			productRefGroup = 45164B632CA44CA900727FE0 /* Products */;
			projectDirPath = "";
			projectRoot = "";
			targets = (
				45164B612CA44CA900727FE0 /* ProfileApp */,
				45164B772CA44CAA00727FE0 /* ProfileAppTests */,
				45164B812CA44CAA00727FE0 /* ProfileAppUITests */,
			);
		};
/* End PBXProject section */

/* Begin PBXResourcesBuildPhase section */
		45164B602CA44CA900727FE0 /* Resources */ = {
			isa = PBXResourcesBuildPhase;
			buildActionMask = 2147483647;
			files = (
				45164B6F2CA44CA900727FE0 /* Assets.xcassets in Resources */,
				45164B722CA44CA900727FE0 /* Base in Resources */,
				45164B6D2CA44CA900727FE0 /* Base in Resources */,
			);
			runOnlyForDeploymentPostprocessing = 0;
		};
		45164B762CA44CAA00727FE0 /* Resources */ = {
			isa = PBXResourcesBuildPhase;
			buildActionMask = 2147483647;
			files = (
			);
			runOnlyForDeploymentPostprocessing = 0;
		};
		45164B802CA44CAA00727FE0 /* Resources */ = {
			isa = PBXResourcesBuildPhase;
			buildActionMask = 2147483647;
			files = (
			);
			runOnlyForDeploymentPostprocessing = 0;
		};
/* End PBXResourcesBuildPhase section */

/* Begin PBXSourcesBuildPhase section */
		45164B5E2CA44CA900727FE0 /* Sources */ = {
			isa = PBXSourcesBuildPhase;
			buildActionMask = 2147483647;
			files = (
				45164B6A2CA44CA900727FE0 /* ViewController.swift in Sources */,
				45164B662CA44CA900727FE0 /* AppDelegate.swift in Sources */,
				45164B682CA44CA900727FE0 /* SceneDelegate.swift in Sources */,
			);
			runOnlyForDeploymentPostprocessing = 0;
		};
		45164B742CA44CAA00727FE0 /* Sources */ = {
			isa = PBXSourcesBuildPhase;
			buildActionMask = 2147483647;
			files = (
				45164B7D2CA44CAA00727FE0 /* ProfileAppTests.swift in Sources */,
			);
			runOnlyForDeploymentPostprocessing = 0;
		};
		45164B7E2CA44CAA00727FE0 /* Sources */ = {
			isa = PBXSourcesBuildPhase;
			buildActionMask = 2147483647;
			files = (
				45164B892CA44CAA00727FE0 /* ProfileAppUITestsLaunchTests.swift in Sources */,
				45164B872CA44CAA00727FE0 /* ProfileAppUITests.swift in Sources */,
			);
			runOnlyForDeploymentPostprocessing = 0;
		};
/* End PBXSourcesBuildPhase section */

/* Begin PBXTargetDependency section */
		45164B7A2CA44CAA00727FE0 /* PBXTargetDependency */ = {
			isa = PBXTargetDependency;
			target = 45164B612CA44CA900727FE0 /* ProfileApp */;
			targetProxy = 45164B792CA44CAA00727FE0 /* PBXContainerItemProxy */;
		};
		45164B842CA44CAA00727FE0 /* PBXTargetDependency */ = {
			isa = PBXTargetDependency;
			target = 45164B612CA44CA900727FE0 /* ProfileApp */;
			targetProxy = 45164B832CA44CAA00727FE0 /* PBXContainerItemProxy */;
		};
/* End PBXTargetDependency section */

/* Begin PBXVariantGroup section */
		45164B6B2CA44CA900727FE0 /* Main.storyboard */ = {
			isa = PBXVariantGroup;
			children = (
				45164B6C2CA44CA900727FE0 /* Base */,
			);
			name = Main.storyboard;
			sourceTree = "<group>";
		};
		45164B702CA44CA900727FE0 /* LaunchScreen.storyboard */ = {
			isa = PBXVariantGroup;
			children = (
				45164B712CA44CA900727FE0 /* Base */,
			);
			name = LaunchScreen.storyboard;
			sourceTree = "<group>";
		};
/* End PBXVariantGroup section */

/* Begin XCBuildConfiguration section */
		45164B8A2CA44CAA00727FE0 /* Debug */ = {
			isa = XCBuildConfiguration;
			buildSettings = {
				ALWAYS_SEARCH_USER_PATHS = NO;
				ASSETCATALOG_COMPILER_GENERATE_SWIFT_ASSET_SYMBOL_EXTENSIONS = YES;
				CLANG_ANALYZER_NONNULL = YES;
				CLANG_ANALYZER_NUMBER_OBJECT_CONVERSION = YES_AGGRESSIVE;
				CLANG_CXX_LANGUAGE_STANDARD = "gnu++20";
				CLANG_ENABLE_MODULES = YES;
				CLANG_ENABLE_OBJC_ARC = YES;
				CLANG_ENABLE_OBJC_WEAK = YES;
				CLANG_WARN_BLOCK_CAPTURE_AUTORELEASING = YES;
				CLANG_WARN_BOOL_CONVERSION = YES;
				CLANG_WARN_COMMA = YES;
				CLANG_WARN_CONSTANT_CONVERSION = YES;
				CLANG_WARN_DEPRECATED_OBJC_IMPLEMENTATIONS = YES;
				CLANG_WARN_DIRECT_OBJC_ISA_USAGE = YES_ERROR;
				CLANG_WARN_DOCUMENTATION_COMMENTS = YES;
				CLANG_WARN_EMPTY_BODY = YES;
				CLANG_WARN_ENUM_CONVERSION = YES;
				CLANG_WARN_INFINITE_RECURSION = YES;
				CLANG_WARN_INT_CONVERSION = YES;
				CLANG_WARN_NON_LITERAL_NULL_CONVERSION = YES;
				CLANG_WARN_OBJC_IMPLICIT_RETAIN_SELF = YES;
				CLANG_WARN_OBJC_LITERAL_CONVERSION = YES;
				CLANG_WARN_OBJC_ROOT_CLASS = YES_ERROR;
				CLANG_WARN_QUOTED_INCLUDE_IN_FRAMEWORK_HEADER = YES;
				CLANG_WARN_RANGE_LOOP_ANALYSIS = YES;
				CLANG_WARN_STRICT_PROTOTYPES = YES;
				CLANG_WARN_SUSPICIOUS_MOVE = YES;
				CLANG_WARN_UNGUARDED_AVAILABILITY = YES_AGGRESSIVE;
				CLANG_WARN_UNREACHABLE_CODE = YES;
				CLANG_WARN__DUPLICATE_METHOD_MATCH = YES;
				COPY_PHASE_STRIP = NO;
				DEBUG_INFORMATION_FORMAT = dwarf;
				ENABLE_STRICT_OBJC_MSGSEND = YES;
				ENABLE_TESTABILITY = YES;
				ENABLE_USER_SCRIPT_SANDBOXING = YES;
				GCC_C_LANGUAGE_STANDARD = gnu17;
				GCC_DYNAMIC_NO_PIC = NO;
				GCC_NO_COMMON_BLOCKS = YES;
				GCC_OPTIMIZATION_LEVEL = 0;
				GCC_PREPROCESSOR_DEFINITIONS = (
					"DEBUG=1",
					"$(inherited)",
				);
				GCC_WARN_64_TO_32_BIT_CONVERSION = YES;
				GCC_WARN_ABOUT_RETURN_TYPE = YES_ERROR;
				GCC_WARN_UNDECLARED_SELECTOR = YES;
				GCC_WARN_UNINITIALIZED_AUTOS = YES_AGGRESSIVE;
				GCC_WARN_UNUSED_FUNCTION = YES;
				GCC_WARN_UNUSED_VARIABLE = YES;
				IPHONEOS_DEPLOYMENT_TARGET = 17.5;
				LOCALIZATION_PREFERS_STRING_CATALOGS = YES;
				MTL_ENABLE_DEBUG_INFO = INCLUDE_SOURCE;
				MTL_FAST_MATH = YES;
				ONLY_ACTIVE_ARCH = YES;
				SDKROOT = iphoneos;
				SWIFT_ACTIVE_COMPILATION_CONDITIONS = "DEBUG $(inherited)";
				SWIFT_OPTIMIZATION_LEVEL = "-Onone";
			};
			name = Debug;
		};
		45164B8B2CA44CAA00727FE0 /* Release */ = {
			isa = XCBuildConfiguration;
			buildSettings = {
				ALWAYS_SEARCH_USER_PATHS = NO;
				ASSETCATALOG_COMPILER_GENERATE_SWIFT_ASSET_SYMBOL_EXTENSIONS = YES;
				CLANG_ANALYZER_NONNULL = YES;
				CLANG_ANALYZER_NUMBER_OBJECT_CONVERSION = YES_AGGRESSIVE;
				CLANG_CXX_LANGUAGE_STANDARD = "gnu++20";
				CLANG_ENABLE_MODULES = YES;
				CLANG_ENABLE_OBJC_ARC = YES;
				CLANG_ENABLE_OBJC_WEAK = YES;
				CLANG_WARN_BLOCK_CAPTURE_AUTORELEASING = YES;
				CLANG_WARN_BOOL_CONVERSION = YES;
				CLANG_WARN_COMMA = YES;
				CLANG_WARN_CONSTANT_CONVERSION = YES;
				CLANG_WARN_DEPRECATED_OBJC_IMPLEMENTATIONS = YES;
				CLANG_WARN_DIRECT_OBJC_ISA_USAGE = YES_ERROR;
				CLANG_WARN_DOCUMENTATION_COMMENTS = YES;
				CLANG_WARN_EMPTY_BODY = YES;
				CLANG_WARN_ENUM_CONVERSION = YES;
				CLANG_WARN_INFINITE_RECURSION = YES;
				CLANG_WARN_INT_CONVERSION = YES;
				CLANG_WARN_NON_LITERAL_NULL_CONVERSION = YES;
				CLANG_WARN_OBJC_IMPLICIT_RETAIN_SELF = YES;
				CLANG_WARN_OBJC_LITERAL_CONVERSION = YES;
				CLANG_WARN_OBJC_ROOT_CLASS = YES_ERROR;
				CLANG_WARN_QUOTED_INCLUDE_IN_FRAMEWORK_HEADER = YES;
				CLANG_WARN_RANGE_LOOP_ANALYSIS = YES;
				CLANG_WARN_STRICT_PROTOTYPES = YES;
				CLANG_WARN_SUSPICIOUS_MOVE = YES;
				CLANG_WARN_UNGUARDED_AVAILABILITY = YES_AGGRESSIVE;
				CLANG_WARN_UNREACHABLE_CODE = YES;
				CLANG_WARN__DUPLICATE_METHOD_MATCH = YES;
				COPY_PHASE_STRIP = NO;
				DEBUG_INFORMATION_FORMAT = "dwarf-with-dsym";
				ENABLE_NS_ASSERTIONS = NO;
				ENABLE_STRICT_OBJC_MSGSEND = YES;
				ENABLE_USER_SCRIPT_SANDBOXING = YES;
				GCC_C_LANGUAGE_STANDARD = gnu17;
				GCC_NO_COMMON_BLOCKS = YES;
				GCC_WARN_64_TO_32_BIT_CONVERSION = YES;
				GCC_WARN_ABOUT_RETURN_TYPE = YES_ERROR;
				GCC_WARN_UNDECLARED_SELECTOR = YES;
				GCC_WARN_UNINITIALIZED_AUTOS = YES_AGGRESSIVE;
				GCC_WARN_UNUSED_FUNCTION = YES;
				GCC_WARN_UNUSED_VARIABLE = YES;
				IPHONEOS_DEPLOYMENT_TARGET = 17.5;
				LOCALIZATION_PREFERS_STRING_CATALOGS = YES;
				MTL_ENABLE_DEBUG_INFO = NO;
				MTL_FAST_MATH = YES;
				SDKROOT = iphoneos;
				SWIFT_COMPILATION_MODE = wholemodule;
				VALIDATE_PRODUCT = YES;
			};
			name = Release;
		};
		45164B8D2CA44CAA00727FE0 /* Debug */ = {
			isa = XCBuildConfiguration;
			buildSettings = {
				ASSETCATALOG_COMPILER_APPICON_NAME = AppIcon;
				ASSETCATALOG_COMPILER_GLOBAL_ACCENT_COLOR_NAME = AccentColor;
				CODE_SIGN_STYLE = Automatic;
				CURRENT_PROJECT_VERSION = 1;
				DEVELOPMENT_TEAM = 5Z7U3UKP5J;
				GENERATE_INFOPLIST_FILE = YES;
				INFOPLIST_FILE = ProfileApp/Info.plist;
				INFOPLIST_KEY_UIApplicationSupportsIndirectInputEvents = YES;
				INFOPLIST_KEY_UILaunchStoryboardName = LaunchScreen;
				INFOPLIST_KEY_UIMainStoryboardFile = Main;
				INFOPLIST_KEY_UISupportedInterfaceOrientations_iPad = "UIInterfaceOrientationPortrait UIInterfaceOrientationPortraitUpsideDown UIInterfaceOrientationLandscapeLeft UIInterfaceOrientationLandscapeRight";
				INFOPLIST_KEY_UISupportedInterfaceOrientations_iPhone = "UIInterfaceOrientationPortrait UIInterfaceOrientationLandscapeLeft UIInterfaceOrientationLandscapeRight";
				LD_RUNPATH_SEARCH_PATHS = (
					"$(inherited)",
					"@executable_path/Frameworks",
				);
				MARKETING_VERSION = 1.0;
				PRODUCT_BUNDLE_IDENTIFIER = com.example.ProfileApp;
				PRODUCT_NAME = "$(TARGET_NAME)";
				SWIFT_EMIT_LOC_STRINGS = YES;
				SWIFT_VERSION = 5.0;
				TARGETED_DEVICE_FAMILY = "1,2";
			};
			name = Debug;
		};
		45164B8E2CA44CAA00727FE0 /* Release */ = {
			isa = XCBuildConfiguration;
			buildSettings = {
				ASSETCATALOG_COMPILER_APPICON_NAME = AppIcon;
				ASSETCATALOG_COMPILER_GLOBAL_ACCENT_COLOR_NAME = AccentColor;
				CODE_SIGN_STYLE = Automatic;
				CURRENT_PROJECT_VERSION = 1;
				DEVELOPMENT_TEAM = 5Z7U3UKP5J;
				GENERATE_INFOPLIST_FILE = YES;
				INFOPLIST_FILE = ProfileApp/Info.plist;
				INFOPLIST_KEY_UIApplicationSupportsIndirectInputEvents = YES;
				INFOPLIST_KEY_UILaunchStoryboardName = LaunchScreen;
				INFOPLIST_KEY_UIMainStoryboardFile = Main;
				INFOPLIST_KEY_UISupportedInterfaceOrientations_iPad = "UIInterfaceOrientationPortrait UIInterfaceOrientationPortraitUpsideDown UIInterfaceOrientationLandscapeLeft UIInterfaceOrientationLandscapeRight";
				INFOPLIST_KEY_UISupportedInterfaceOrientations_iPhone = "UIInterfaceOrientationPortrait UIInterfaceOrientationLandscapeLeft UIInterfaceOrientationLandscapeRight";
				LD_RUNPATH_SEARCH_PATHS = (
					"$(inherited)",
					"@executable_path/Frameworks",
				);
				MARKETING_VERSION = 1.0;
				PRODUCT_BUNDLE_IDENTIFIER = com.example.ProfileApp;
				PRODUCT_NAME = "$(TARGET_NAME)";
				SWIFT_EMIT_LOC_STRINGS = YES;
				SWIFT_VERSION = 5.0;
				TARGETED_DEVICE_FAMILY = "1,2";
			};
			name = Release;
		};
		45164B902CA44CAA00727FE0 /* Debug */ = {
			isa = XCBuildConfiguration;
			buildSettings = {
				ALWAYS_EMBED_SWIFT_STANDARD_LIBRARIES = YES;
				BUNDLE_LOADER = "$(TEST_HOST)";
				CODE_SIGN_STYLE = Automatic;
				CURRENT_PROJECT_VERSION = 1;
				DEVELOPMENT_TEAM = 5Z7U3UKP5J;
				GENERATE_INFOPLIST_FILE = YES;
				IPHONEOS_DEPLOYMENT_TARGET = 17.5;
				MARKETING_VERSION = 1.0;
				PRODUCT_BUNDLE_IDENTIFIER = com.example.ProfileAppTests;
				PRODUCT_NAME = "$(TARGET_NAME)";
				SWIFT_EMIT_LOC_STRINGS = NO;
				SWIFT_VERSION = 5.0;
				TARGETED_DEVICE_FAMILY = "1,2";
				TEST_HOST = "$(BUILT_PRODUCTS_DIR)/ProfileApp.app/$(BUNDLE_EXECUTABLE_FOLDER_PATH)/ProfileApp";
			};
			name = Debug;
		};
		45164B912CA44CAA00727FE0 /* Release */ = {
			isa = XCBuildConfiguration;
			buildSettings = {
				ALWAYS_EMBED_SWIFT_STANDARD_LIBRARIES = YES;
				BUNDLE_LOADER = "$(TEST_HOST)";
				CODE_SIGN_STYLE = Automatic;
				CURRENT_PROJECT_VERSION = 1;
				DEVELOPMENT_TEAM = 5Z7U3UKP5J;
				GENERATE_INFOPLIST_FILE = YES;
				IPHONEOS_DEPLOYMENT_TARGET = 17.5;
				MARKETING_VERSION = 1.0;
				PRODUCT_BUNDLE_IDENTIFIER = com.example.ProfileAppTests;
				PRODUCT_NAME = "$(TARGET_NAME)";
				SWIFT_EMIT_LOC_STRINGS = NO;
				SWIFT_VERSION = 5.0;
				TARGETED_DEVICE_FAMILY = "1,2";
				TEST_HOST = "$(BUILT_PRODUCTS_DIR)/ProfileApp.app/$(BUNDLE_EXECUTABLE_FOLDER_PATH)/ProfileApp";
			};
			name = Release;
		};
		45164B932CA44CAA00727FE0 /* Debug */ = {
			isa = XCBuildConfiguration;
			buildSettings = {
				ALWAYS_EMBED_SWIFT_STANDARD_LIBRARIES = YES;
				CODE_SIGN_STYLE = Automatic;
				CURRENT_PROJECT_VERSION = 1;
				DEVELOPMENT_TEAM = 5Z7U3UKP5J;
				GENERATE_INFOPLIST_FILE = YES;
				MARKETING_VERSION = 1.0;
				PRODUCT_BUNDLE_IDENTIFIER = com.example.ProfileAppUITests;
				PRODUCT_NAME = "$(TARGET_NAME)";
				SWIFT_EMIT_LOC_STRINGS = NO;
				SWIFT_VERSION = 5.0;
				TARGETED_DEVICE_FAMILY = "1,2";
				TEST_TARGET_NAME = ProfileApp;
			};
			name = Debug;
		};
		45164B942CA44CAA00727FE0 /* Release */ = {
			isa = XCBuildConfiguration;
			buildSettings = {
				ALWAYS_EMBED_SWIFT_STANDARD_LIBRARIES = YES;
				CODE_SIGN_STYLE = Automatic;
				CURRENT_PROJECT_VERSION = 1;
				DEVELOPMENT_TEAM = 5Z7U3UKP5J;
				GENERATE_INFOPLIST_FILE = YES;
				MARKETING_VERSION = 1.0;
				PRODUCT_BUNDLE_IDENTIFIER = com.example.ProfileAppUITests;
				PRODUCT_NAME = "$(TARGET_NAME)";
				SWIFT_EMIT_LOC_STRINGS = NO;
				SWIFT_VERSION = 5.0;
				TARGETED_DEVICE_FAMILY = "1,2";
				TEST_TARGET_NAME = ProfileApp;
			};
			name = Release;
		};
/* End XCBuildConfiguration section */

/* Begin XCConfigurationList section */
		45164B5D2CA44CA900727FE0 /* Build configuration list for PBXProject "ProfileApp" */ = {
			isa = XCConfigurationList;
			buildConfigurations = (
				45164B8A2CA44CAA00727FE0 /* Debug */,
				45164B8B2CA44CAA00727FE0 /* Release */,
			);
			defaultConfigurationIsVisible = 0;
			defaultConfigurationName = Release;
		};
		45164B8C2CA44CAA00727FE0 /* Build configuration list for PBXNativeTarget "ProfileApp" */ = {
			isa = XCConfigurationList;
			buildConfigurations = (
				45164B8D2CA44CAA00727FE0 /* Debug */,
				45164B8E2CA44CAA00727FE0 /* Release */,
			);
			defaultConfigurationIsVisible = 0;
			defaultConfigurationName = Release;
		};
		45164B8F2CA44CAA00727FE0 /* Build configuration list for PBXNativeTarget "ProfileAppTests" */ = {
			isa = XCConfigurationList;
			buildConfigurations = (
				45164B902CA44CAA00727FE0 /* Debug */,
				45164B912CA44CAA00727FE0 /* Release */,
			);
			defaultConfigurationIsVisible = 0;
			defaultConfigurationName = Release;
		};
		45164B922CA44CAA00727FE0 /* Build configuration list for PBXNativeTarget "ProfileAppUITests" */ = {
			isa = XCConfigurationList;
			buildConfigurations = (
				45164B932CA44CAA00727FE0 /* Debug */,
				45164B942CA44CAA00727FE0 /* Release */,
			);
			defaultConfigurationIsVisible = 0;
			defaultConfigurationName = Release;
		};
/* End XCConfigurationList section */
	};
	rootObject = 45164B5A2CA44CA900727FE0 /* Project object */;
}
